
Microsoft Visual Studio Solution File, Format Version 12.00
# Visual Studio Version 17
VisualStudioVersion = 17.10.35013.160
MinimumVisualStudioVersion = 10.0.40219.1
Project("{9A19103F-16F7-4668-BE54-9A1E7A4F7556}") = "SWA.wpfControl", "SWA.wpfControl\SWA.wpfControl.csproj", "{147DC3DD-93DC-4EBA-AD07-8CEA3FB5E7AD}"
EndProject
Project("{FAE04EC0-301F-11D3-BF4B-00C04F79EFBC}") = "SWA.wpfControlTest", "SWA.wpfControlTest\SWA.wpfControlTest.csproj", "{727FC85A-6371-495E-BAF0-55612C2E68FB}"
EndProject
Global
	GlobalSection(SolutionConfigurationPlatforms) = preSolution
		Debug|Any CPU = Debug|Any CPU
		Release|Any CPU = Release|Any CPU
	EndGlobalSection
	GlobalSection(ProjectConfigurationPlatforms) = postSolution
		{147DC3DD-93DC-4EBA-AD07-8CEA3FB5E7AD}.Debug|Any CPU.ActiveCfg = Debug|Any CPU
		{147DC3DD-93DC-4EBA-AD07-8CEA3FB5E7AD}.Debug|Any CPU.Build.0 = Debug|Any CPU
		{147DC3DD-93DC-4EBA-AD07-8CEA3FB5E7AD}.Release|Any CPU.ActiveCfg = Release|Any CPU
		{147DC3DD-93DC-4EBA-AD07-8CEA3FB5E7AD}.Release|Any CPU.Build.0 = Release|Any CPU
		{727FC85A-6371-495E-BAF0-55612C2E68FB}.Debug|Any CPU.ActiveCfg = Debug|Any CPU
		{727FC85A-6371-495E-BAF0-55612C2E68FB}.Debug|Any CPU.Build.0 = Debug|Any CPU
		{727FC85A-6371-495E-BAF0-55612C2E68FB}.Release|Any CPU.ActiveCfg = Release|Any CPU
		{727FC85A-6371-495E-BAF0-55612C2E68FB}.Release|Any CPU.Build.0 = Release|Any CPU
	EndGlobalSection
	GlobalSection(SolutionProperties) = preSolution
		HideSolutionNode = FALSE
	EndGlobalSection
	GlobalSection(ExtensibilityGlobals) = postSolution
		SolutionGuid = {7902198A-E234-421E-844D-977FD15EAC43}
	EndGlobalSection
EndGlobal
